
Microsoft Visual Studio Solution File, Format Version 12.00
# Visual Studio 15
VisualStudioVersion = 15.0.28307.705
MinimumVisualStudioVersion = 10.0.40219.1
Project("{FAE04EC0-301F-11D3-BF4B-00C04F79EFBC}") = "CsvToObjectConverter", "CsvToObjectConverter\CsvToObjectConverter.csproj", "{CBE30B1C-89D5-46C1-8B07-8B0218569332}"
EndProject
Global
	GlobalSection(SolutionConfigurationPlatforms) = preSolution
		Debug|Any CPU = Debug|Any CPU
		Release|Any CPU = Release|Any CPU
	EndGlobalSection
	GlobalSection(ProjectConfigurationPlatforms) = postSolution
		{CBE30B1C-89D5-46C1-8B07-8B0218569332}.Debug|Any CPU.ActiveCfg = Debug|Any CPU
		{CBE30B1C-89D5-46C1-8B07-8B0218569332}.Debug|Any CPU.Build.0 = Debug|Any CPU
		{CBE30B1C-89D5-46C1-8B07-8B0218569332}.Release|Any CPU.ActiveCfg = Release|Any CPU
		{CBE30B1C-89D5-46C1-8B07-8B0218569332}.Release|Any CPU.Build.0 = Release|Any CPU
	EndGlobalSection
	GlobalSection(SolutionProperties) = preSolution
		HideSolutionNode = FALSE
	EndGlobalSection
	GlobalSection(ExtensibilityGlobals) = postSolution
		SolutionGuid = {96893F00-2543-437E-984F-DDF8D4D716FE}
	EndGlobalSection
EndGlobal
